
Microsoft Visual Studio Solution File, Format Version 12.00
# Visual Studio 2012
Project("{FAE04EC0-301F-11D3-BF4B-00C04F79EFBC}") = "PPT2Vedio", "PPT2Vedio\PPT2Vedio.csproj", "{58249089-A191-45E7-8569-318F05468BE3}"
EndProject
Project("{FAE04EC0-301F-11D3-BF4B-00C04F79EFBC}") = "PPT2Image", "PPT2Image\PPT2Image.csproj", "{B9528BC4-A2C5-4F29-BBB2-CF3C573E98AD}"
EndProject
Project("{FAE04EC0-301F-11D3-BF4B-00C04F79EFBC}") = "PPT2VedioService", "PPT2VedioService\PPT2VedioService.csproj", "{6A9EF611-946C-420B-AAD6-54C42EAC4A6A}"
EndProject
Project("{54435603-DBB4-11D2-8724-00A0C9A8B90C}") = "PPT2VedioSetup", "PPT2VedioSetup\PPT2VedioSetup.vdproj", "{3B9E5EDE-5265-45C5-B051-AFF2DD3BDFDF}"
EndProject
Project("{6141683F-8A12-4E36-9623-2EB02B2C2303}") = "PPT2VedioSetupNew", "PPT2VedioSetupNew\PPT2VedioSetupNew.isproj", "{F73F33B3-74F4-4C40-8292-977B142C6017}"
EndProject
Global
	GlobalSection(SolutionConfigurationPlatforms) = preSolution
		CD_ROM|Any CPU = CD_ROM|Any CPU
		Debug|Any CPU = Debug|Any CPU
		DVD-5|Any CPU = DVD-5|Any CPU
		Release|Any CPU = Release|Any CPU
		SingleImage|Any CPU = SingleImage|Any CPU
	EndGlobalSection
	GlobalSection(ProjectConfigurationPlatforms) = postSolution
		{58249089-A191-45E7-8569-318F05468BE3}.CD_ROM|Any CPU.ActiveCfg = Release|Any CPU
		{58249089-A191-45E7-8569-318F05468BE3}.CD_ROM|Any CPU.Build.0 = Release|Any CPU
		{58249089-A191-45E7-8569-318F05468BE3}.Debug|Any CPU.ActiveCfg = Debug|Any CPU
		{58249089-A191-45E7-8569-318F05468BE3}.Debug|Any CPU.Build.0 = Debug|Any CPU
		{58249089-A191-45E7-8569-318F05468BE3}.DVD-5|Any CPU.ActiveCfg = Debug|Any CPU
		{58249089-A191-45E7-8569-318F05468BE3}.DVD-5|Any CPU.Build.0 = Debug|Any CPU
		{58249089-A191-45E7-8569-318F05468BE3}.Release|Any CPU.ActiveCfg = Release|Any CPU
		{58249089-A191-45E7-8569-318F05468BE3}.Release|Any CPU.Build.0 = Release|Any CPU
		{58249089-A191-45E7-8569-318F05468BE3}.SingleImage|Any CPU.ActiveCfg = Release|Any CPU
		{58249089-A191-45E7-8569-318F05468BE3}.SingleImage|Any CPU.Build.0 = Release|Any CPU
		{B9528BC4-A2C5-4F29-BBB2-CF3C573E98AD}.CD_ROM|Any CPU.ActiveCfg = Release|Any CPU
		{B9528BC4-A2C5-4F29-BBB2-CF3C573E98AD}.CD_ROM|Any CPU.Build.0 = Release|Any CPU
		{B9528BC4-A2C5-4F29-BBB2-CF3C573E98AD}.Debug|Any CPU.ActiveCfg = Debug|Any CPU
		{B9528BC4-A2C5-4F29-BBB2-CF3C573E98AD}.Debug|Any CPU.Build.0 = Debug|Any CPU
		{B9528BC4-A2C5-4F29-BBB2-CF3C573E98AD}.DVD-5|Any CPU.ActiveCfg = Debug|Any CPU
		{B9528BC4-A2C5-4F29-BBB2-CF3C573E98AD}.DVD-5|Any CPU.Build.0 = Debug|Any CPU
		{B9528BC4-A2C5-4F29-BBB2-CF3C573E98AD}.Release|Any CPU.ActiveCfg = Release|Any CPU
		{B9528BC4-A2C5-4F29-BBB2-CF3C573E98AD}.Release|Any CPU.Build.0 = Release|Any CPU
		{B9528BC4-A2C5-4F29-BBB2-CF3C573E98AD}.SingleImage|Any CPU.ActiveCfg = Release|Any CPU
		{B9528BC4-A2C5-4F29-BBB2-CF3C573E98AD}.SingleImage|Any CPU.Build.0 = Release|Any CPU
		{6A9EF611-946C-420B-AAD6-54C42EAC4A6A}.CD_ROM|Any CPU.ActiveCfg = Release|Any CPU
		{6A9EF611-946C-420B-AAD6-54C42EAC4A6A}.CD_ROM|Any CPU.Build.0 = Release|Any CPU
		{6A9EF611-946C-420B-AAD6-54C42EAC4A6A}.Debug|Any CPU.ActiveCfg = Debug|Any CPU
		{6A9EF611-946C-420B-AAD6-54C42EAC4A6A}.Debug|Any CPU.Build.0 = Debug|Any CPU
		{6A9EF611-946C-420B-AAD6-54C42EAC4A6A}.DVD-5|Any CPU.ActiveCfg = Debug|Any CPU
		{6A9EF611-946C-420B-AAD6-54C42EAC4A6A}.DVD-5|Any CPU.Build.0 = Debug|Any CPU
		{6A9EF611-946C-420B-AAD6-54C42EAC4A6A}.Release|Any CPU.ActiveCfg = Release|Any CPU
		{6A9EF611-946C-420B-AAD6-54C42EAC4A6A}.SingleImage|Any CPU.ActiveCfg = Release|Any CPU
		{6A9EF611-946C-420B-AAD6-54C42EAC4A6A}.SingleImage|Any CPU.Build.0 = Release|Any CPU
		{3B9E5EDE-5265-45C5-B051-AFF2DD3BDFDF}.CD_ROM|Any CPU.ActiveCfg = Release
		{3B9E5EDE-5265-45C5-B051-AFF2DD3BDFDF}.Debug|Any CPU.ActiveCfg = Debug
		{3B9E5EDE-5265-45C5-B051-AFF2DD3BDFDF}.DVD-5|Any CPU.ActiveCfg = Debug
		{3B9E5EDE-5265-45C5-B051-AFF2DD3BDFDF}.Release|Any CPU.ActiveCfg = Release
		{3B9E5EDE-5265-45C5-B051-AFF2DD3BDFDF}.SingleImage|Any CPU.ActiveCfg = Release
		{F73F33B3-74F4-4C40-8292-977B142C6017}.CD_ROM|Any CPU.ActiveCfg = CD_ROM
		{F73F33B3-74F4-4C40-8292-977B142C6017}.CD_ROM|Any CPU.Build.0 = CD_ROM
		{F73F33B3-74F4-4C40-8292-977B142C6017}.Debug|Any CPU.ActiveCfg = DVD-5
		{F73F33B3-74F4-4C40-8292-977B142C6017}.Debug|Any CPU.Build.0 = DVD-5
		{F73F33B3-74F4-4C40-8292-977B142C6017}.DVD-5|Any CPU.ActiveCfg = DVD-5
		{F73F33B3-74F4-4C40-8292-977B142C6017}.DVD-5|Any CPU.Build.0 = DVD-5
		{F73F33B3-74F4-4C40-8292-977B142C6017}.Release|Any CPU.ActiveCfg = SingleImage
		{F73F33B3-74F4-4C40-8292-977B142C6017}.Release|Any CPU.Build.0 = SingleImage
		{F73F33B3-74F4-4C40-8292-977B142C6017}.SingleImage|Any CPU.ActiveCfg = SingleImage
		{F73F33B3-74F4-4C40-8292-977B142C6017}.SingleImage|Any CPU.Build.0 = SingleImage
	EndGlobalSection
	GlobalSection(SolutionProperties) = preSolution
		HideSolutionNode = FALSE
	EndGlobalSection
EndGlobal
